
Microsoft Visual Studio Solution File, Format Version 12.00
# Visual Studio Version 16
VisualStudioVersion = 16.0.30804.86
MinimumVisualStudioVersion = 10.0.40219.1
Project("{FAE04EC0-301F-11D3-BF4B-00C04F79EFBC}") = "LibrarySystemManagement", "LibrarySystemManagement\LibrarySystemManagement.csproj", "{066EC038-A743-4B36-B4ED-0DBD3B4284E7}"
EndProject
Global
	GlobalSection(SolutionConfigurationPlatforms) = preSolution
		Debug|Any CPU = Debug|Any CPU
		Release|Any CPU = Release|Any CPU
	EndGlobalSection
	GlobalSection(ProjectConfigurationPlatforms) = postSolution
		{066EC038-A743-4B36-B4ED-0DBD3B4284E7}.Debug|Any CPU.ActiveCfg = Debug|Any CPU
		{066EC038-A743-4B36-B4ED-0DBD3B4284E7}.Debug|Any CPU.Build.0 = Debug|Any CPU
		{066EC038-A743-4B36-B4ED-0DBD3B4284E7}.Release|Any CPU.ActiveCfg = Release|Any CPU
		{066EC038-A743-4B36-B4ED-0DBD3B4284E7}.Release|Any CPU.Build.0 = Release|Any CPU
	EndGlobalSection
	GlobalSection(SolutionProperties) = preSolution
		HideSolutionNode = FALSE
	EndGlobalSection
	GlobalSection(ExtensibilityGlobals) = postSolution
		SolutionGuid = {2E16FB91-C692-4725-ACD5-EDB6076AA071}
	EndGlobalSection
EndGlobal
